
Microsoft Visual Studio Solution File, Format Version 12.00
# Visual Studio Version 17
VisualStudioVersion = 17.7.34202.233
MinimumVisualStudioVersion = 10.0.40219.1
Project("{FAE04EC0-301F-11D3-BF4B-00C04F79EFBC}") = "Cucumber_PlaywrightTest", "Cucumber_PlaywrightTest.csproj", "{6F252270-AA7C-45E9-B20F-1EA38A9E688B}"
EndProject
Global
	GlobalSection(SolutionConfigurationPlatforms) = preSolution
		Debug|Any CPU = Debug|Any CPU
		Release|Any CPU = Release|Any CPU
	EndGlobalSection
	GlobalSection(ProjectConfigurationPlatforms) = postSolution
		{6F252270-AA7C-45E9-B20F-1EA38A9E688B}.Debug|Any CPU.ActiveCfg = Debug|Any CPU
		{6F252270-AA7C-45E9-B20F-1EA38A9E688B}.Debug|Any CPU.Build.0 = Debug|Any CPU
		{6F252270-AA7C-45E9-B20F-1EA38A9E688B}.Release|Any CPU.ActiveCfg = Release|Any CPU
		{6F252270-AA7C-45E9-B20F-1EA38A9E688B}.Release|Any CPU.Build.0 = Release|Any CPU
	EndGlobalSection
	GlobalSection(SolutionProperties) = preSolution
		HideSolutionNode = FALSE
	EndGlobalSection
	GlobalSection(ExtensibilityGlobals) = postSolution
		SolutionGuid = {98AF1CEE-71BF-4AD4-A513-C109BD95E857}
	EndGlobalSection
EndGlobal
